// !$*UTF8*$!
{
	archiveVersion = 1;
	classes = {
	};
	objectVersion = 51;
	objects = {

/* Begin PBXBuildFile section */
		B7EB8D76522227C53A6C1BC4 /* libPods-DoorRush.a in Frameworks */ = {isa = PBXBuildFile; fileRef = 746E01890C965F35C3661DCA /* libPods-DoorRush.a */; };
		E830DD2F248E6C0500D76511 /* AccountSection.swift in Sources */ = {isa = PBXBuildFile; fileRef = E830DD2E248E6C0500D76511 /* AccountSection.swift */; };
		E830DD31248E6D5500D76511 /* AccountHeaderCell.swift in Sources */ = {isa = PBXBuildFile; fileRef = E830DD30248E6D5500D76511 /* AccountHeaderCell.swift */; };
		E830DD33248E6E3400D76511 /* AccountDescriptionCell.swift in Sources */ = {isa = PBXBuildFile; fileRef = E830DD32248E6E3400D76511 /* AccountDescriptionCell.swift */; };
		E830DD35248E81BB00D76511 /* AccountBasicCell.swift in Sources */ = {isa = PBXBuildFile; fileRef = E830DD34248E81BB00D76511 /* AccountBasicCell.swift */; };
		E8527C812486C27D007587E7 /* AppDelegate.swift in Sources */ = {isa = PBXBuildFile; fileRef = E8527C802486C27D007587E7 /* AppDelegate.swift */; };
		E8527C832486C27D007587E7 /* SceneDelegate.swift in Sources */ = {isa = PBXBuildFile; fileRef = E8527C822486C27D007587E7 /* SceneDelegate.swift */; };
		E8527C852486C27D007587E7 /* ActivityController.swift in Sources */ = {isa = PBXBuildFile; fileRef = E8527C842486C27D007587E7 /* ActivityController.swift */; };
		E8527C8A2486C280007587E7 /* Assets.xcassets in Resources */ = {isa = PBXBuildFile; fileRef = E8527C892486C280007587E7 /* Assets.xcassets */; };
		E8527C8D2486C280007587E7 /* LaunchScreen.storyboard in Resources */ = {isa = PBXBuildFile; fileRef = E8527C8B2486C280007587E7 /* LaunchScreen.storyboard */; };
		E8585C6A248A36F800467E4E /* OnboardingController.swift in Sources */ = {isa = PBXBuildFile; fileRef = E8585C69248A36F800467E4E /* OnboardingController.swift */; };
		E8585C6C248A501300467E4E /* Onboard.swift in Sources */ = {isa = PBXBuildFile; fileRef = E8585C6B248A501300467E4E /* Onboard.swift */; };
		E87E6155249270110078C73C /* SearchCell.swift in Sources */ = {isa = PBXBuildFile; fileRef = E87E6154249270110078C73C /* SearchCell.swift */; };
		E87E615724939EA80078C73C /* GoogleService-Info.plist in Resources */ = {isa = PBXBuildFile; fileRef = E87E615624939EA80078C73C /* GoogleService-Info.plist */; };
		E885304D2498861800F27EB9 /* ReuseIdentifying.swift in Sources */ = {isa = PBXBuildFile; fileRef = E885304C2498861800F27EB9 /* ReuseIdentifying.swift */; };
		E8C7CCD6248A98BA00529A02 /* OnboardingCell.swift in Sources */ = {isa = PBXBuildFile; fileRef = E8C7CCD5248A98BA00529A02 /* OnboardingCell.swift */; };
		E8C7CCD8248A9B9000529A02 /* SignInController.swift in Sources */ = {isa = PBXBuildFile; fileRef = E8C7CCD7248A9B9000529A02 /* SignInController.swift */; };
		E8C7CCDA248A9BB300529A02 /* SignUpController.swift in Sources */ = {isa = PBXBuildFile; fileRef = E8C7CCD9248A9BB300529A02 /* SignUpController.swift */; };
		E8D1EA7C24A393AF00EBC5A0 /* Alert.swift in Sources */ = {isa = PBXBuildFile; fileRef = E8D1EA7B24A393AF00EBC5A0 /* Alert.swift */; };
		E8D1EA7E24A5F35F00EBC5A0 /* User.swift in Sources */ = {isa = PBXBuildFile; fileRef = E8D1EA7D24A5F35F00EBC5A0 /* User.swift */; };
		E8D1EA8024A61F9500EBC5A0 /* UnavailableController.swift in Sources */ = {isa = PBXBuildFile; fileRef = E8D1EA7F24A61F9500EBC5A0 /* UnavailableController.swift */; };
		E8D8BD932490F290005A8C8C /* AccountSwitchCell.swift in Sources */ = {isa = PBXBuildFile; fileRef = E8D8BD922490F290005A8C8C /* AccountSwitchCell.swift */; };
		E8D8BD9524912AE6005A8C8C /* OrderCell.swift in Sources */ = {isa = PBXBuildFile; fileRef = E8D8BD9424912AE6005A8C8C /* OrderCell.swift */; };
		E8DCCDB82486D04A00513C69 /* SearchController.swift in Sources */ = {isa = PBXBuildFile; fileRef = E8DCCDB72486D04A00513C69 /* SearchController.swift */; };
		E8DCCDBA2486D06100513C69 /* OrderController.swift in Sources */ = {isa = PBXBuildFile; fileRef = E8DCCDB92486D06100513C69 /* OrderController.swift */; };
		E8DCCDBE2486D2EE00513C69 /* TabBarController.swift in Sources */ = {isa = PBXBuildFile; fileRef = E8DCCDBD2486D2EE00513C69 /* TabBarController.swift */; };
		E8DCCDC02486E13300513C69 /* BaseCollectionCell.swift in Sources */ = {isa = PBXBuildFile; fileRef = E8DCCDBF2486E13300513C69 /* BaseCollectionCell.swift */; };
		E8DCCDC22486E56700513C69 /* BaseCell.swift in Sources */ = {isa = PBXBuildFile; fileRef = E8DCCDC12486E56700513C69 /* BaseCell.swift */; };
		E8DCCDC42486E5E700513C69 /* CategoryCollectionCell.swift in Sources */ = {isa = PBXBuildFile; fileRef = E8DCCDC32486E5E700513C69 /* CategoryCollectionCell.swift */; };
		E8DCCDC62486E5FA00513C69 /* CategoryCell.swift in Sources */ = {isa = PBXBuildFile; fileRef = E8DCCDC52486E5FA00513C69 /* CategoryCell.swift */; };
		E8DCCDC824877EE400513C69 /* Category.swift in Sources */ = {isa = PBXBuildFile; fileRef = E8DCCDC724877EE400513C69 /* Category.swift */; };
		E8DCCDCA2487821C00513C69 /* FliterCollectionCell.swift in Sources */ = {isa = PBXBuildFile; fileRef = E8DCCDC92487821C00513C69 /* FliterCollectionCell.swift */; };
		E8DCCDCC2487822A00513C69 /* FliterCell.swift in Sources */ = {isa = PBXBuildFile; fileRef = E8DCCDCB2487822A00513C69 /* FliterCell.swift */; };
		E8DCCDCE248788B600513C69 /* FeaturedCollectionCell.swift in Sources */ = {isa = PBXBuildFile; fileRef = E8DCCDCD248788B600513C69 /* FeaturedCollectionCell.swift */; };
		E8DCCDD0248788C800513C69 /* FeaturedCell.swift in Sources */ = {isa = PBXBuildFile; fileRef = E8DCCDCF248788C800513C69 /* FeaturedCell.swift */; };
		E8DCCDD2248788DE00513C69 /* RestaurantCollectionCell.swift in Sources */ = {isa = PBXBuildFile; fileRef = E8DCCDD1248788DE00513C69 /* RestaurantCollectionCell.swift */; };
		E8DCCDD4248788EB00513C69 /* RestaurantCell.swift in Sources */ = {isa = PBXBuildFile; fileRef = E8DCCDD3248788EB00513C69 /* RestaurantCell.swift */; };
		E8DCCDDE2488635D00513C69 /* TTNorms-Bold.otf in Resources */ = {isa = PBXBuildFile; fileRef = E8DCCDD72488635D00513C69 /* TTNorms-Bold.otf */; };
		E8DCCDE12488635D00513C69 /* TTNorms-Light.otf in Resources */ = {isa = PBXBuildFile; fileRef = E8DCCDDA2488635D00513C69 /* TTNorms-Light.otf */; };
		E8DCCDE22488635D00513C69 /* TTNorms-Regular.otf in Resources */ = {isa = PBXBuildFile; fileRef = E8DCCDDB2488635D00513C69 /* TTNorms-Regular.otf */; };
		E8DCCDE52488685E00513C69 /* TTNorms-Medium.otf in Resources */ = {isa = PBXBuildFile; fileRef = E8DCCDE42488685E00513C69 /* TTNorms-Medium.otf */; };
		E8E44E63248AB8AF007B7ABE /* Font.swift in Sources */ = {isa = PBXBuildFile; fileRef = E8E44E62248AB8AF007B7ABE /* Font.swift */; };
		E8E44E65248AC650007B7ABE /* AccountController.swift in Sources */ = {isa = PBXBuildFile; fileRef = E8E44E64248AC650007B7ABE /* AccountController.swift */; };
		E8F7B02624895C56002C4121 /* Restaurant.swift in Sources */ = {isa = PBXBuildFile; fileRef = E8F7B02524895C56002C4121 /* Restaurant.swift */; };
/* End PBXBuildFile section */

/* Begin PBXFileReference section */
		419F568AAE02DF9D86EFE245 /* Pods-DoorRush.release.xcconfig */ = {isa = PBXFileReference; includeInIndex = 1; lastKnownFileType = text.xcconfig; name = "Pods-DoorRush.release.xcconfig"; path = "Target Support Files/Pods-DoorRush/Pods-DoorRush.release.xcconfig"; sourceTree = "<group>"; };
		746E01890C965F35C3661DCA /* libPods-DoorRush.a */ = {isa = PBXFileReference; explicitFileType = archive.ar; includeInIndex = 0; path = "libPods-DoorRush.a"; sourceTree = BUILT_PRODUCTS_DIR; };
		A5D6CCC2B0E3339CB402431D /* Pods-DoorRush.debug.xcconfig */ = {isa = PBXFileReference; includeInIndex = 1; lastKnownFileType = text.xcconfig; name = "Pods-DoorRush.debug.xcconfig"; path = "Target Support Files/Pods-DoorRush/Pods-DoorRush.debug.xcconfig"; sourceTree = "<group>"; };
		E830DD2E248E6C0500D76511 /* AccountSection.swift */ = {isa = PBXFileReference; lastKnownFileType = sourcecode.swift; path = AccountSection.swift; sourceTree = "<group>"; };
		E830DD30248E6D5500D76511 /* AccountHeaderCell.swift */ = {isa = PBXFileReference; lastKnownFileType = sourcecode.swift; path = AccountHeaderCell.swift; sourceTree = "<group>"; };
		E830DD32248E6E3400D76511 /* AccountDescriptionCell.swift */ = {isa = PBXFileReference; lastKnownFileType = sourcecode.swift; path = AccountDescriptionCell.swift; sourceTree = "<group>"; };
		E830DD34248E81BB00D76511 /* AccountBasicCell.swift */ = {isa = PBXFileReference; lastKnownFileType = sourcecode.swift; path = AccountBasicCell.swift; sourceTree = "<group>"; };
		E8527C7D2486C27D007587E7 /* DoorRush.app */ = {isa = PBXFileReference; explicitFileType = wrapper.application; includeInIndex = 0; path = DoorRush.app; sourceTree = BUILT_PRODUCTS_DIR; };
		E8527C802486C27D007587E7 /* AppDelegate.swift */ = {isa = PBXFileReference; lastKnownFileType = sourcecode.swift; path = AppDelegate.swift; sourceTree = "<group>"; };
		E8527C822486C27D007587E7 /* SceneDelegate.swift */ = {isa = PBXFileReference; lastKnownFileType = sourcecode.swift; path = SceneDelegate.swift; sourceTree = "<group>"; };
		E8527C842486C27D007587E7 /* ActivityController.swift */ = {isa = PBXFileReference; lastKnownFileType = sourcecode.swift; path = ActivityController.swift; sourceTree = "<group>"; };
		E8527C892486C280007587E7 /* Assets.xcassets */ = {isa = PBXFileReference; lastKnownFileType = folder.assetcatalog; path = Assets.xcassets; sourceTree = "<group>"; };
		E8527C8C2486C280007587E7 /* Base */ = {isa = PBXFileReference; lastKnownFileType = file.storyboard; name = Base; path = Base.lproj/LaunchScreen.storyboard; sourceTree = "<group>"; };
		E8527C8E2486C280007587E7 /* Info.plist */ = {isa = PBXFileReference; lastKnownFileType = text.plist.xml; path = Info.plist; sourceTree = "<group>"; };
		E8585C69248A36F800467E4E /* OnboardingController.swift */ = {isa = PBXFileReference; lastKnownFileType = sourcecode.swift; path = OnboardingController.swift; sourceTree = "<group>"; };
		E8585C6B248A501300467E4E /* Onboard.swift */ = {isa = PBXFileReference; lastKnownFileType = sourcecode.swift; path = Onboard.swift; sourceTree = "<group>"; };
		E87E6154249270110078C73C /* SearchCell.swift */ = {isa = PBXFileReference; lastKnownFileType = sourcecode.swift; path = SearchCell.swift; sourceTree = "<group>"; };
		E87E615624939EA80078C73C /* GoogleService-Info.plist */ = {isa = PBXFileReference; fileEncoding = 4; lastKnownFileType = text.plist.xml; path = "GoogleService-Info.plist"; sourceTree = "<group>"; };
		E885304C2498861800F27EB9 /* ReuseIdentifying.swift */ = {isa = PBXFileReference; lastKnownFileType = sourcecode.swift; path = ReuseIdentifying.swift; sourceTree = "<group>"; };
		E8C7CCD5248A98BA00529A02 /* OnboardingCell.swift */ = {isa = PBXFileReference; lastKnownFileType = sourcecode.swift; path = OnboardingCell.swift; sourceTree = "<group>"; };
		E8C7CCD7248A9B9000529A02 /* SignInController.swift */ = {isa = PBXFileReference; lastKnownFileType = sourcecode.swift; path = SignInController.swift; sourceTree = "<group>"; };
		E8C7CCD9248A9BB300529A02 /* SignUpController.swift */ = {isa = PBXFileReference; lastKnownFileType = sourcecode.swift; path = SignUpController.swift; sourceTree = "<group>"; };
		E8D1EA7B24A393AF00EBC5A0 /* Alert.swift */ = {isa = PBXFileReference; lastKnownFileType = sourcecode.swift; path = Alert.swift; sourceTree = "<group>"; };
		E8D1EA7D24A5F35F00EBC5A0 /* User.swift */ = {isa = PBXFileReference; lastKnownFileType = sourcecode.swift; path = User.swift; sourceTree = "<group>"; };
		E8D1EA7F24A61F9500EBC5A0 /* UnavailableController.swift */ = {isa = PBXFileReference; lastKnownFileType = sourcecode.swift; path = UnavailableController.swift; sourceTree = "<group>"; };
		E8D8BD922490F290005A8C8C /* AccountSwitchCell.swift */ = {isa = PBXFileReference; lastKnownFileType = sourcecode.swift; path = AccountSwitchCell.swift; sourceTree = "<group>"; };
		E8D8BD9424912AE6005A8C8C /* OrderCell.swift */ = {isa = PBXFileReference; lastKnownFileType = sourcecode.swift; path = OrderCell.swift; sourceTree = "<group>"; };
		E8DCCDB72486D04A00513C69 /* SearchController.swift */ = {isa = PBXFileReference; lastKnownFileType = sourcecode.swift; path = SearchController.swift; sourceTree = "<group>"; };
		E8DCCDB92486D06100513C69 /* OrderController.swift */ = {isa = PBXFileReference; lastKnownFileType = sourcecode.swift; path = OrderController.swift; sourceTree = "<group>"; };
		E8DCCDBD2486D2EE00513C69 /* TabBarController.swift */ = {isa = PBXFileReference; lastKnownFileType = sourcecode.swift; path = TabBarController.swift; sourceTree = "<group>"; };
		E8DCCDBF2486E13300513C69 /* BaseCollectionCell.swift */ = {isa = PBXFileReference; lastKnownFileType = sourcecode.swift; path = BaseCollectionCell.swift; sourceTree = "<group>"; };
		E8DCCDC12486E56700513C69 /* BaseCell.swift */ = {isa = PBXFileReference; lastKnownFileType = sourcecode.swift; path = BaseCell.swift; sourceTree = "<group>"; };
		E8DCCDC32486E5E700513C69 /* CategoryCollectionCell.swift */ = {isa = PBXFileReference; lastKnownFileType = sourcecode.swift; path = CategoryCollectionCell.swift; sourceTree = "<group>"; };
		E8DCCDC52486E5FA00513C69 /* CategoryCell.swift */ = {isa = PBXFileReference; lastKnownFileType = sourcecode.swift; path = CategoryCell.swift; sourceTree = "<group>"; };
		E8DCCDC724877EE400513C69 /* Category.swift */ = {isa = PBXFileReference; lastKnownFileType = sourcecode.swift; path = Category.swift; sourceTree = "<group>"; };
		E8DCCDC92487821C00513C69 /* FliterCollectionCell.swift */ = {isa = PBXFileReference; lastKnownFileType = sourcecode.swift; path = FliterCollectionCell.swift; sourceTree = "<group>"; };
		E8DCCDCB2487822A00513C69 /* FliterCell.swift */ = {isa = PBXFileReference; lastKnownFileType = sourcecode.swift; path = FliterCell.swift; sourceTree = "<group>"; };
		E8DCCDCD248788B600513C69 /* FeaturedCollectionCell.swift */ = {isa = PBXFileReference; lastKnownFileType = sourcecode.swift; path = FeaturedCollectionCell.swift; sourceTree = "<group>"; };
		E8DCCDCF248788C800513C69 /* FeaturedCell.swift */ = {isa = PBXFileReference; lastKnownFileType = sourcecode.swift; path = FeaturedCell.swift; sourceTree = "<group>"; };
		E8DCCDD1248788DE00513C69 /* RestaurantCollectionCell.swift */ = {isa = PBXFileReference; lastKnownFileType = sourcecode.swift; path = RestaurantCollectionCell.swift; sourceTree = "<group>"; };
		E8DCCDD3248788EB00513C69 /* RestaurantCell.swift */ = {isa = PBXFileReference; lastKnownFileType = sourcecode.swift; path = RestaurantCell.swift; sourceTree = "<group>"; };
		E8DCCDD72488635D00513C69 /* TTNorms-Bold.otf */ = {isa = PBXFileReference; lastKnownFileType = file; path = "TTNorms-Bold.otf"; sourceTree = "<group>"; };
		E8DCCDDA2488635D00513C69 /* TTNorms-Light.otf */ = {isa = PBXFileReference; lastKnownFileType = file; path = "TTNorms-Light.otf"; sourceTree = "<group>"; };
		E8DCCDDB2488635D00513C69 /* TTNorms-Regular.otf */ = {isa = PBXFileReference; lastKnownFileType = file; path = "TTNorms-Regular.otf"; sourceTree = "<group>"; };
		E8DCCDE42488685E00513C69 /* TTNorms-Medium.otf */ = {isa = PBXFileReference; lastKnownFileType = file; path = "TTNorms-Medium.otf"; sourceTree = "<group>"; };
		E8E44E62248AB8AF007B7ABE /* Font.swift */ = {isa = PBXFileReference; lastKnownFileType = sourcecode.swift; path = Font.swift; sourceTree = "<group>"; };
		E8E44E64248AC650007B7ABE /* AccountController.swift */ = {isa = PBXFileReference; lastKnownFileType = sourcecode.swift; path = AccountController.swift; sourceTree = "<group>"; };
		E8F7B02524895C56002C4121 /* Restaurant.swift */ = {isa = PBXFileReference; lastKnownFileType = sourcecode.swift; path = Restaurant.swift; sourceTree = "<group>"; };
/* End PBXFileReference section */

/* Begin PBXFrameworksBuildPhase section */
		E8527C7A2486C27D007587E7 /* Frameworks */ = {
			isa = PBXFrameworksBuildPhase;
			buildActionMask = 2147483647;
			files = (
				B7EB8D76522227C53A6C1BC4 /* libPods-DoorRush.a in Frameworks */,
			);
			runOnlyForDeploymentPostprocessing = 0;
		};
/* End PBXFrameworksBuildPhase section */

/* Begin PBXGroup section */
		1395B40FB9B0C6BC978F1217 /* Frameworks */ = {
			isa = PBXGroup;
			children = (
				746E01890C965F35C3661DCA /* libPods-DoorRush.a */,
			);
			name = Frameworks;
			sourceTree = "<group>";
		};
		CBEE605CAE3122BAAE8571C3 /* Pods */ = {
			isa = PBXGroup;
			children = (
				A5D6CCC2B0E3339CB402431D /* Pods-DoorRush.debug.xcconfig */,
				419F568AAE02DF9D86EFE245 /* Pods-DoorRush.release.xcconfig */,
			);
			path = Pods;
			sourceTree = "<group>";
		};
		E8527C742486C27D007587E7 = {
			isa = PBXGroup;
			children = (
				E8527C7F2486C27D007587E7 /* DoorRush */,
				E8527C7E2486C27D007587E7 /* Products */,
				CBEE605CAE3122BAAE8571C3 /* Pods */,
				1395B40FB9B0C6BC978F1217 /* Frameworks */,
			);
			sourceTree = "<group>";
		};
		E8527C7E2486C27D007587E7 /* Products */ = {
			isa = PBXGroup;
			children = (
				E8527C7D2486C27D007587E7 /* DoorRush.app */,
			);
			name = Products;
			sourceTree = "<group>";
		};
		E8527C7F2486C27D007587E7 /* DoorRush */ = {
			isa = PBXGroup;
			children = (
				E8E44E61248AB794007B7ABE /* Services */,
				E8E44E60248AB780007B7ABE /* Extension */,
				E8E44E5E248AB6F9007B7ABE /* Supporting Files */,
				E8DCCDD52488634600513C69 /* Font */,
				E8527C982486CF4E007587E7 /* Views */,
				E8527C972486CF48007587E7 /* Controllers */,
				E8527C962486CF42007587E7 /* Models */,
				E8527C802486C27D007587E7 /* AppDelegate.swift */,
				E8527C822486C27D007587E7 /* SceneDelegate.swift */,
				E8527C8E2486C280007587E7 /* Info.plist */,
				E87E615624939EA80078C73C /* GoogleService-Info.plist */,
				E8527C8B2486C280007587E7 /* LaunchScreen.storyboard */,
				E8527C892486C280007587E7 /* Assets.xcassets */,
			);
			path = DoorRush;
			sourceTree = "<group>";
		};
		E8527C962486CF42007587E7 /* Models */ = {
			isa = PBXGroup;
			children = (
				E8DCCDC724877EE400513C69 /* Category.swift */,
				E8F7B02524895C56002C4121 /* Restaurant.swift */,
				E8585C6B248A501300467E4E /* Onboard.swift */,
				E830DD2E248E6C0500D76511 /* AccountSection.swift */,
				E8D1EA7D24A5F35F00EBC5A0 /* User.swift */,
			);
			path = Models;
			sourceTree = "<group>";
		};
		E8527C972486CF48007587E7 /* Controllers */ = {
			isa = PBXGroup;
			children = (
				E8527C842486C27D007587E7 /* ActivityController.swift */,
				E8DCCDB72486D04A00513C69 /* SearchController.swift */,
				E8DCCDB92486D06100513C69 /* OrderController.swift */,
				E8DCCDBD2486D2EE00513C69 /* TabBarController.swift */,
				E8585C69248A36F800467E4E /* OnboardingController.swift */,
				E8C7CCD7248A9B9000529A02 /* SignInController.swift */,
				E8C7CCD9248A9BB300529A02 /* SignUpController.swift */,
				E8E44E64248AC650007B7ABE /* AccountController.swift */,
				E8D1EA7F24A61F9500EBC5A0 /* UnavailableController.swift */,
			);
			path = Controllers;
			sourceTree = "<group>";
		};
		E8527C982486CF4E007587E7 /* Views */ = {
			isa = PBXGroup;
			children = (
				E8DCCDBF2486E13300513C69 /* BaseCollectionCell.swift */,
				E8DCCDC12486E56700513C69 /* BaseCell.swift */,
				E8DCCDC32486E5E700513C69 /* CategoryCollectionCell.swift */,
				E8DCCDC52486E5FA00513C69 /* CategoryCell.swift */,
				E8DCCDC92487821C00513C69 /* FliterCollectionCell.swift */,
				E8DCCDCB2487822A00513C69 /* FliterCell.swift */,
				E8DCCDCD248788B600513C69 /* FeaturedCollectionCell.swift */,
				E8DCCDCF248788C800513C69 /* FeaturedCell.swift */,
				E8DCCDD1248788DE00513C69 /* RestaurantCollectionCell.swift */,
				E8DCCDD3248788EB00513C69 /* RestaurantCell.swift */,
				E8C7CCD5248A98BA00529A02 /* OnboardingCell.swift */,
				E830DD30248E6D5500D76511 /* AccountHeaderCell.swift */,
				E830DD32248E6E3400D76511 /* AccountDescriptionCell.swift */,
				E830DD34248E81BB00D76511 /* AccountBasicCell.swift */,
				E8D8BD922490F290005A8C8C /* AccountSwitchCell.swift */,
				E8D8BD9424912AE6005A8C8C /* OrderCell.swift */,
				E87E6154249270110078C73C /* SearchCell.swift */,
			);
			path = Views;
			sourceTree = "<group>";
		};
		E8DCCDD52488634600513C69 /* Font */ = {
			isa = PBXGroup;
			children = (
				E8DCCDD72488635D00513C69 /* TTNorms-Bold.otf */,
				E8DCCDE42488685E00513C69 /* TTNorms-Medium.otf */,
				E8DCCDDA2488635D00513C69 /* TTNorms-Light.otf */,
				E8DCCDDB2488635D00513C69 /* TTNorms-Regular.otf */,
			);
			path = Font;
			sourceTree = "<group>";
		};
		E8E44E5E248AB6F9007B7ABE /* Supporting Files */ = {
			isa = PBXGroup;
			children = (
			);
			path = "Supporting Files";
			sourceTree = "<group>";
		};
		E8E44E60248AB780007B7ABE /* Extension */ = {
			isa = PBXGroup;
			children = (
				E8E44E62248AB8AF007B7ABE /* Font.swift */,
				E885304C2498861800F27EB9 /* ReuseIdentifying.swift */,
				E8D1EA7B24A393AF00EBC5A0 /* Alert.swift */,
			);
			path = Extension;
			sourceTree = "<group>";
		};
		E8E44E61248AB794007B7ABE /* Services */ = {
			isa = PBXGroup;
			children = (
			);
			path = Services;
			sourceTree = "<group>";
		};
/* End PBXGroup section */

/* Begin PBXNativeTarget section */
		E8527C7C2486C27D007587E7 /* DoorRush */ = {
			isa = PBXNativeTarget;
			buildConfigurationList = E8527C912486C280007587E7 /* Build configuration list for PBXNativeTarget "DoorRush" */;
			buildPhases = (
				8B393B0DE2250FDB81BB0A7D /* [CP] Check Pods Manifest.lock */,
				E8527C792486C27D007587E7 /* Sources */,
				E8527C7A2486C27D007587E7 /* Frameworks */,
				E8527C7B2486C27D007587E7 /* Resources */,
				312C23733F3BEA197EEBF868 /* [CP] Copy Pods Resources */,
			);
			buildRules = (
			);
			dependencies = (
			);
			name = DoorRush;
			productName = "Adventure App";
			productReference = E8527C7D2486C27D007587E7 /* DoorRush.app */;
			productType = "com.apple.product-type.application";
		};
/* End PBXNativeTarget section */

/* Begin PBXProject section */
		E8527C752486C27D007587E7 /* Project object */ = {
			isa = PBXProject;
			attributes = {
				LastSwiftUpdateCheck = 1150;
				LastUpgradeCheck = 1150;
				ORGANIZATIONNAME = edwin;
				TargetAttributes = {
					E8527C7C2486C27D007587E7 = {
						CreatedOnToolsVersion = 11.5;
					};
				};
			};
			buildConfigurationList = E8527C782486C27D007587E7 /* Build configuration list for PBXProject "DoorRush" */;
			compatibilityVersion = "Xcode 9.3";
			developmentRegion = en;
			hasScannedForEncodings = 0;
			knownRegions = (
				en,
				Base,
			);
			mainGroup = E8527C742486C27D007587E7;
			productRefGroup = E8527C7E2486C27D007587E7 /* Products */;
			projectDirPath = "";
			projectRoot = "";
			targets = (
				E8527C7C2486C27D007587E7 /* DoorRush */,
			);
		};
/* End PBXProject section */

/* Begin PBXResourcesBuildPhase section */
		E8527C7B2486C27D007587E7 /* Resources */ = {
			isa = PBXResourcesBuildPhase;
			buildActionMask = 2147483647;
			files = (
				E8DCCDE22488635D00513C69 /* TTNorms-Regular.otf in Resources */,
				E8DCCDDE2488635D00513C69 /* TTNorms-Bold.otf in Resources */,
				E8527C8D2486C280007587E7 /* LaunchScreen.storyboard in Resources */,
				E8527C8A2486C280007587E7 /* Assets.xcassets in Resources */,
				E8DCCDE52488685E00513C69 /* TTNorms-Medium.otf in Resources */,
				E8DCCDE12488635D00513C69 /* TTNorms-Light.otf in Resources */,
				E87E615724939EA80078C73C /* GoogleService-Info.plist in Resources */,
			);
			runOnlyForDeploymentPostprocessing = 0;
		};
/* End PBXResourcesBuildPhase section */

/* Begin PBXShellScriptBuildPhase section */
		312C23733F3BEA197EEBF868 /* [CP] Copy Pods Resources */ = {
			isa = PBXShellScriptBuildPhase;
			buildActionMask = 2147483647;
			files = (
			);
			inputFileListPaths = (
				"${PODS_ROOT}/Target Support Files/Pods-DoorRush/Pods-DoorRush-resources-${CONFIGURATION}-input-files.xcfilelist",
			);
			name = "[CP] Copy Pods Resources";
			outputFileListPaths = (
				"${PODS_ROOT}/Target Support Files/Pods-DoorRush/Pods-DoorRush-resources-${CONFIGURATION}-output-files.xcfilelist",
			);
			runOnlyForDeploymentPostprocessing = 0;
			shellPath = /bin/sh;
			shellScript = "\"${PODS_ROOT}/Target Support Files/Pods-DoorRush/Pods-DoorRush-resources.sh\"\n";
			showEnvVarsInLog = 0;
		};
		8B393B0DE2250FDB81BB0A7D /* [CP] Check Pods Manifest.lock */ = {
			isa = PBXShellScriptBuildPhase;
			buildActionMask = 2147483647;
			files = (
			);
			inputFileListPaths = (
			);
			inputPaths = (
				"${PODS_PODFILE_DIR_PATH}/Podfile.lock",
				"${PODS_ROOT}/Manifest.lock",
			);
			name = "[CP] Check Pods Manifest.lock";
			outputFileListPaths = (
			);
			outputPaths = (
				"$(DERIVED_FILE_DIR)/Pods-DoorRush-checkManifestLockResult.txt",
			);
			runOnlyForDeploymentPostprocessing = 0;
			shellPath = /bin/sh;
			shellScript = "diff \"${PODS_PODFILE_DIR_PATH}/Podfile.lock\" \"${PODS_ROOT}/Manifest.lock\" > /dev/null\nif [ $? != 0 ] ; then\n    # print error to STDERR\n    echo \"error: The sandbox is not in sync with the Podfile.lock. Run 'pod install' or update your CocoaPods installation.\" >&2\n    exit 1\nfi\n# This output is used by Xcode 'outputs' to avoid re-running this script phase.\necho \"SUCCESS\" > \"${SCRIPT_OUTPUT_FILE_0}\"\n";
			showEnvVarsInLog = 0;
		};
/* End PBXShellScriptBuildPhase section */

/* Begin PBXSourcesBuildPhase section */
		E8527C792486C27D007587E7 /* Sources */ = {
			isa = PBXSourcesBuildPhase;
			buildActionMask = 2147483647;
			files = (
				E8585C6C248A501300467E4E /* Onboard.swift in Sources */,
				E87E6155249270110078C73C /* SearchCell.swift in Sources */,
				E830DD2F248E6C0500D76511 /* AccountSection.swift in Sources */,
				E8527C852486C27D007587E7 /* ActivityController.swift in Sources */,
				E8DCCDC02486E13300513C69 /* BaseCollectionCell.swift in Sources */,
				E830DD31248E6D5500D76511 /* AccountHeaderCell.swift in Sources */,
				E830DD33248E6E3400D76511 /* AccountDescriptionCell.swift in Sources */,
				E8D8BD9524912AE6005A8C8C /* OrderCell.swift in Sources */,
				E8DCCDCC2487822A00513C69 /* FliterCell.swift in Sources */,
				E885304D2498861800F27EB9 /* ReuseIdentifying.swift in Sources */,
				E8DCCDBA2486D06100513C69 /* OrderController.swift in Sources */,
				E8DCCDC22486E56700513C69 /* BaseCell.swift in Sources */,
				E8E44E63248AB8AF007B7ABE /* Font.swift in Sources */,
				E8D1EA7E24A5F35F00EBC5A0 /* User.swift in Sources */,
				E8DCCDD4248788EB00513C69 /* RestaurantCell.swift in Sources */,
				E8DCCDC42486E5E700513C69 /* CategoryCollectionCell.swift in Sources */,
				E8585C6A248A36F800467E4E /* OnboardingController.swift in Sources */,
				E8E44E65248AC650007B7ABE /* AccountController.swift in Sources */,
				E8C7CCD6248A98BA00529A02 /* OnboardingCell.swift in Sources */,
				E8DCCDB82486D04A00513C69 /* SearchController.swift in Sources */,
				E8DCCDBE2486D2EE00513C69 /* TabBarController.swift in Sources */,
				E8D1EA7C24A393AF00EBC5A0 /* Alert.swift in Sources */,
				E8D1EA8024A61F9500EBC5A0 /* UnavailableController.swift in Sources */,
				E8DCCDD2248788DE00513C69 /* RestaurantCollectionCell.swift in Sources */,
				E8527C812486C27D007587E7 /* AppDelegate.swift in Sources */,
				E830DD35248E81BB00D76511 /* AccountBasicCell.swift in Sources */,
				E8DCCDCE248788B600513C69 /* FeaturedCollectionCell.swift in Sources */,
				E8D8BD932490F290005A8C8C /* AccountSwitchCell.swift in Sources */,
				E8DCCDCA2487821C00513C69 /* FliterCollectionCell.swift in Sources */,
				E8F7B02624895C56002C4121 /* Restaurant.swift in Sources */,
				E8527C832486C27D007587E7 /* SceneDelegate.swift in Sources */,
				E8DCCDD0248788C800513C69 /* FeaturedCell.swift in Sources */,
				E8C7CCDA248A9BB300529A02 /* SignUpController.swift in Sources */,
				E8DCCDC62486E5FA00513C69 /* CategoryCell.swift in Sources */,
				E8DCCDC824877EE400513C69 /* Category.swift in Sources */,
				E8C7CCD8248A9B9000529A02 /* SignInController.swift in Sources */,
			);
			runOnlyForDeploymentPostprocessing = 0;
		};
/* End PBXSourcesBuildPhase section */

/* Begin PBXVariantGroup section */
		E8527C8B2486C280007587E7 /* LaunchScreen.storyboard */ = {
			isa = PBXVariantGroup;
			children = (
				E8527C8C2486C280007587E7 /* Base */,
			);
			name = LaunchScreen.storyboard;
			sourceTree = "<group>";
		};
/* End PBXVariantGroup section */

/* Begin XCBuildConfiguration section */
		E8527C8F2486C280007587E7 /* Debug */ = {
			isa = XCBuildConfiguration;
			buildSettings = {
				ALWAYS_SEARCH_USER_PATHS = NO;
				CLANG_ANALYZER_NONNULL = YES;
				CLANG_ANALYZER_NUMBER_OBJECT_CONVERSION = YES_AGGRESSIVE;
				CLANG_CXX_LANGUAGE_STANDARD = "gnu++14";
				CLANG_CXX_LIBRARY = "libc++";
				CLANG_ENABLE_MODULES = YES;
				CLANG_ENABLE_OBJC_ARC = YES;
				CLANG_ENABLE_OBJC_WEAK = YES;
				CLANG_WARN_BLOCK_CAPTURE_AUTORELEASING = YES;
				CLANG_WARN_BOOL_CONVERSION = YES;
				CLANG_WARN_COMMA = YES;
				CLANG_WARN_CONSTANT_CONVERSION = YES;
				CLANG_WARN_DEPRECATED_OBJC_IMPLEMENTATIONS = YES;
				CLANG_WARN_DIRECT_OBJC_ISA_USAGE = YES_ERROR;
				CLANG_WARN_DOCUMENTATION_COMMENTS = YES;
				CLANG_WARN_EMPTY_BODY = YES;
				CLANG_WARN_ENUM_CONVERSION = YES;
				CLANG_WARN_INFINITE_RECURSION = YES;
				CLANG_WARN_INT_CONVERSION = YES;
				CLANG_WARN_NON_LITERAL_NULL_CONVERSION = YES;
				CLANG_WARN_OBJC_IMPLICIT_RETAIN_SELF = YES;
				CLANG_WARN_OBJC_LITERAL_CONVERSION = YES;
				CLANG_WARN_OBJC_ROOT_CLASS = YES_ERROR;
				CLANG_WARN_RANGE_LOOP_ANALYSIS = YES;
				CLANG_WARN_STRICT_PROTOTYPES = YES;
				CLANG_WARN_SUSPICIOUS_MOVE = YES;
				CLANG_WARN_UNGUARDED_AVAILABILITY = YES_AGGRESSIVE;
				CLANG_WARN_UNREACHABLE_CODE = YES;
				CLANG_WARN__DUPLICATE_METHOD_MATCH = YES;
				COPY_PHASE_STRIP = NO;
				DEBUG_INFORMATION_FORMAT = dwarf;
				ENABLE_STRICT_OBJC_MSGSEND = YES;
				ENABLE_TESTABILITY = YES;
				GCC_C_LANGUAGE_STANDARD = gnu11;
				GCC_DYNAMIC_NO_PIC = NO;
				GCC_NO_COMMON_BLOCKS = YES;
				GCC_OPTIMIZATION_LEVEL = 0;
				GCC_PREPROCESSOR_DEFINITIONS = (
					"DEBUG=1",
					"$(inherited)",
				);
				GCC_WARN_64_TO_32_BIT_CONVERSION = YES;
				GCC_WARN_ABOUT_RETURN_TYPE = YES_ERROR;
				GCC_WARN_UNDECLARED_SELECTOR = YES;
				GCC_WARN_UNINITIALIZED_AUTOS = YES_AGGRESSIVE;
				GCC_WARN_UNUSED_FUNCTION = YES;
				GCC_WARN_UNUSED_VARIABLE = YES;
				IPHONEOS_DEPLOYMENT_TARGET = 13.1;
				MTL_ENABLE_DEBUG_INFO = INCLUDE_SOURCE;
				MTL_FAST_MATH = YES;
				ONLY_ACTIVE_ARCH = YES;
				SDKROOT = iphoneos;
				SWIFT_ACTIVE_COMPILATION_CONDITIONS = DEBUG;
				SWIFT_OPTIMIZATION_LEVEL = "-Onone";
			};
			name = Debug;
		};
		E8527C902486C280007587E7 /* Release */ = {
			isa = XCBuildConfiguration;
			buildSettings = {
				ALWAYS_SEARCH_USER_PATHS = NO;
				CLANG_ANALYZER_NONNULL = YES;
				CLANG_ANALYZER_NUMBER_OBJECT_CONVERSION = YES_AGGRESSIVE;
				CLANG_CXX_LANGUAGE_STANDARD = "gnu++14";
				CLANG_CXX_LIBRARY = "libc++";
				CLANG_ENABLE_MODULES = YES;
				CLANG_ENABLE_OBJC_ARC = YES;
				CLANG_ENABLE_OBJC_WEAK = YES;
				CLANG_WARN_BLOCK_CAPTURE_AUTORELEASING = YES;
				CLANG_WARN_BOOL_CONVERSION = YES;
				CLANG_WARN_COMMA = YES;
				CLANG_WARN_CONSTANT_CONVERSION = YES;
				CLANG_WARN_DEPRECATED_OBJC_IMPLEMENTATIONS = YES;
				CLANG_WARN_DIRECT_OBJC_ISA_USAGE = YES_ERROR;
				CLANG_WARN_DOCUMENTATION_COMMENTS = YES;
				CLANG_WARN_EMPTY_BODY = YES;
				CLANG_WARN_ENUM_CONVERSION = YES;
				CLANG_WARN_INFINITE_RECURSION = YES;
				CLANG_WARN_INT_CONVERSION = YES;
				CLANG_WARN_NON_LITERAL_NULL_CONVERSION = YES;
				CLANG_WARN_OBJC_IMPLICIT_RETAIN_SELF = YES;
				CLANG_WARN_OBJC_LITERAL_CONVERSION = YES;
				CLANG_WARN_OBJC_ROOT_CLASS = YES_ERROR;
				CLANG_WARN_RANGE_LOOP_ANALYSIS = YES;
				CLANG_WARN_STRICT_PROTOTYPES = YES;
				CLANG_WARN_SUSPICIOUS_MOVE = YES;
				CLANG_WARN_UNGUARDED_AVAILABILITY = YES_AGGRESSIVE;
				CLANG_WARN_UNREACHABLE_CODE = YES;
				CLANG_WARN__DUPLICATE_METHOD_MATCH = YES;
				COPY_PHASE_STRIP = NO;
				DEBUG_INFORMATION_FORMAT = "dwarf-with-dsym";
				ENABLE_NS_ASSERTIONS = NO;
				ENABLE_STRICT_OBJC_MSGSEND = YES;
				GCC_C_LANGUAGE_STANDARD = gnu11;
				GCC_NO_COMMON_BLOCKS = YES;
				GCC_WARN_64_TO_32_BIT_CONVERSION = YES;
				GCC_WARN_ABOUT_RETURN_TYPE = YES_ERROR;
				GCC_WARN_UNDECLARED_SELECTOR = YES;
				GCC_WARN_UNINITIALIZED_AUTOS = YES_AGGRESSIVE;
				GCC_WARN_UNUSED_FUNCTION = YES;
				GCC_WARN_UNUSED_VARIABLE = YES;
				IPHONEOS_DEPLOYMENT_TARGET = 13.1;
				MTL_ENABLE_DEBUG_INFO = NO;
				MTL_FAST_MATH = YES;
				SDKROOT = iphoneos;
				SWIFT_COMPILATION_MODE = wholemodule;
				SWIFT_OPTIMIZATION_LEVEL = "-O";
				VALIDATE_PRODUCT = YES;
			};
			name = Release;
		};
		E8527C922486C280007587E7 /* Debug */ = {
			isa = XCBuildConfiguration;
			baseConfigurationReference = A5D6CCC2B0E3339CB402431D /* Pods-DoorRush.debug.xcconfig */;
			buildSettings = {
				ASSETCATALOG_COMPILER_APPICON_NAME = AppIcon;
				CODE_SIGN_IDENTITY = "Apple Development";
				CODE_SIGN_STYLE = Automatic;
				DEVELOPMENT_TEAM = 4FM95QADU2;
				INFOPLIST_FILE = DoorRush/Info.plist;
				LD_RUNPATH_SEARCH_PATHS = (
					"$(inherited)",
					"@executable_path/Frameworks",
				);
				PRODUCT_BUNDLE_IDENTIFIER = edwin.doorrush;
				PRODUCT_NAME = "$(TARGET_NAME)";
				PROVISIONING_PROFILE_SPECIFIER = "";
				SWIFT_VERSION = 5.0;
				TARGETED_DEVICE_FAMILY = 1;
			};
			name = Debug;
		};
		E8527C932486C280007587E7 /* Release */ = {
			isa = XCBuildConfiguration;
			baseConfigurationReference = 419F568AAE02DF9D86EFE245 /* Pods-DoorRush.release.xcconfig */;
			buildSettings = {
				ASSETCATALOG_COMPILER_APPICON_NAME = AppIcon;
				CODE_SIGN_IDENTITY = "Apple Development";
				CODE_SIGN_STYLE = Automatic;
				DEVELOPMENT_TEAM = 4FM95QADU2;
				INFOPLIST_FILE = DoorRush/Info.plist;
				LD_RUNPATH_SEARCH_PATHS = (
					"$(inherited)",
					"@executable_path/Frameworks",
				);
				PRODUCT_BUNDLE_IDENTIFIER = edwin.doorrush;
				PRODUCT_NAME = "$(TARGET_NAME)";
				PROVISIONING_PROFILE_SPECIFIER = "";
				SWIFT_VERSION = 5.0;
				TARGETED_DEVICE_FAMILY = 1;
			};
			name = Release;
		};
/* End XCBuildConfiguration section */

/* Begin XCConfigurationList section */
		E8527C782486C27D007587E7 /* Build configuration list for PBXProject "DoorRush" */ = {
			isa = XCConfigurationList;
			buildConfigurations = (
				E8527C8F2486C280007587E7 /* Debug */,
				E8527C902486C280007587E7 /* Release */,
			);
			defaultConfigurationIsVisible = 0;
			defaultConfigurationName = Release;
		};
		E8527C912486C280007587E7 /* Build configuration list for PBXNativeTarget "DoorRush" */ = {
			isa = XCConfigurationList;
			buildConfigurations = (
				E8527C922486C280007587E7 /* Debug */,
				E8527C932486C280007587E7 /* Release */,
			);
			defaultConfigurationIsVisible = 0;
			defaultConfigurationName = Release;
		};
/* End XCConfigurationList section */
	};
	rootObject = E8527C752486C27D007587E7 /* Project object */;
}
